
Microsoft Visual Studio Solution File, Format Version 12.00
# Visual Studio Version 16
VisualStudioVersion = 16.0.30330.147
MinimumVisualStudioVersion = 10.0.40219.1
Project("{8BC9CEB8-8B4A-11D0-8D11-00A0C91BC942}") = "Challenge1", "Challenge1\Challenge1.vcxproj", "{6E7A848A-D6A0-417B-A3A4-305084266049}"
EndProject
Global
	GlobalSection(SolutionConfigurationPlatforms) = preSolution
		Debug|x64 = Debug|x64
		Debug|x86 = Debug|x86
		Release|x64 = Release|x64
		Release|x86 = Release|x86
	EndGlobalSection
	GlobalSection(ProjectConfigurationPlatforms) = postSolution
		{6E7A848A-D6A0-417B-A3A4-305084266049}.Debug|x64.ActiveCfg = Debug|x64
		{6E7A848A-D6A0-417B-A3A4-305084266049}.Debug|x64.Build.0 = Debug|x64
		{6E7A848A-D6A0-417B-A3A4-305084266049}.Debug|x86.ActiveCfg = Debug|Win32
		{6E7A848A-D6A0-417B-A3A4-305084266049}.Debug|x86.Build.0 = Debug|Win32
		{6E7A848A-D6A0-417B-A3A4-305084266049}.Release|x64.ActiveCfg = Release|x64
		{6E7A848A-D6A0-417B-A3A4-305084266049}.Release|x64.Build.0 = Release|x64
		{6E7A848A-D6A0-417B-A3A4-305084266049}.Release|x86.ActiveCfg = Release|Win32
		{6E7A848A-D6A0-417B-A3A4-305084266049}.Release|x86.Build.0 = Release|Win32
	EndGlobalSection
	GlobalSection(SolutionProperties) = preSolution
		HideSolutionNode = FALSE
	EndGlobalSection
	GlobalSection(ExtensibilityGlobals) = postSolution
		SolutionGuid = {93C4D5CB-795B-4313-B636-53311EE4C283}
	EndGlobalSection
EndGlobal
